// !$*UTF8*$!
{
	archiveVersion = 1;
	classes = {
	};
	objectVersion = 56;
	objects = {

/* Begin PBXBuildFile section */
		7A024E5128FDC7D500BEA0A1 /* AppDelegate.swift in Sources */ = {isa = PBXBuildFile; fileRef = 7A024E5028FDC7D500BEA0A1 /* AppDelegate.swift */; };
		7A024E5328FDC7D500BEA0A1 /* SceneDelegate.swift in Sources */ = {isa = PBXBuildFile; fileRef = 7A024E5228FDC7D500BEA0A1 /* SceneDelegate.swift */; };
		7A024E5528FDC7D500BEA0A1 /* MainViewController.swift in Sources */ = {isa = PBXBuildFile; fileRef = 7A024E5428FDC7D500BEA0A1 /* MainViewController.swift */; };
		7A024E5828FDC7D500BEA0A1 /* Main.storyboard in Resources */ = {isa = PBXBuildFile; fileRef = 7A024E5628FDC7D500BEA0A1 /* Main.storyboard */; };
		7A024E5A28FDC7D600BEA0A1 /* Assets.xcassets in Resources */ = {isa = PBXBuildFile; fileRef = 7A024E5928FDC7D600BEA0A1 /* Assets.xcassets */; };
		7A024E5D28FDC7D600BEA0A1 /* LaunchScreen.storyboard in Resources */ = {isa = PBXBuildFile; fileRef = 7A024E5B28FDC7D600BEA0A1 /* LaunchScreen.storyboard */; };
		7A024E6B28FDCA2F00BEA0A1 /* VideoModel.swift in Sources */ = {isa = PBXBuildFile; fileRef = 7A024E6A28FDCA2F00BEA0A1 /* VideoModel.swift */; };
		7A024E7128FE53A000BEA0A1 /* NetworkManager.swift in Sources */ = {isa = PBXBuildFile; fileRef = 7A024E7028FE53A000BEA0A1 /* NetworkManager.swift */; };
		7A024E7428FE55B100BEA0A1 /* JSON.swift in Sources */ = {isa = PBXBuildFile; fileRef = 7A024E7328FE55B100BEA0A1 /* JSON.swift */; };
		7A024E7628FE59D000BEA0A1 /* AppDelegate+Update.swift in Sources */ = {isa = PBXBuildFile; fileRef = 7A024E7528FE59D000BEA0A1 /* AppDelegate+Update.swift */; };
		7A024E7F28FED2F500BEA0A1 /* SectionFeed.xib in Resources */ = {isa = PBXBuildFile; fileRef = 7A024E7E28FED2F500BEA0A1 /* SectionFeed.xib */; };
		7A024E8228FED5F900BEA0A1 /* Section.swift in Sources */ = {isa = PBXBuildFile; fileRef = 7A024E8128FED5F900BEA0A1 /* Section.swift */; };
		7A024E8428FED78400BEA0A1 /* SectionFeed.swift in Sources */ = {isa = PBXBuildFile; fileRef = 7A024E8328FED78400BEA0A1 /* SectionFeed.swift */; };
		7A024E8728FED88000BEA0A1 /* SectionVideoCell.swift in Sources */ = {isa = PBXBuildFile; fileRef = 7A024E8628FED88000BEA0A1 /* SectionVideoCell.swift */; };
		7A024E8928FEDC8E00BEA0A1 /* MainViewController+UICollectionViewDataSource.swift in Sources */ = {isa = PBXBuildFile; fileRef = 7A024E8828FEDC8E00BEA0A1 /* MainViewController+UICollectionViewDataSource.swift */; };
		7A024E8B28FEDCA400BEA0A1 /* MainViewController+UICollectionViewDelegate.swift in Sources */ = {isa = PBXBuildFile; fileRef = 7A024E8A28FEDCA400BEA0A1 /* MainViewController+UICollectionViewDelegate.swift */; };
		7A024E9228FEF11600BEA0A1 /* DataModel.xcdatamodeld in Sources */ = {isa = PBXBuildFile; fileRef = 7A024E9028FEF11600BEA0A1 /* DataModel.xcdatamodeld */; };
		7A024E9428FEF2C700BEA0A1 /* VideoCoreData+CoreDataClass.swift.swift in Sources */ = {isa = PBXBuildFile; fileRef = 7A024E9328FEF2C700BEA0A1 /* VideoCoreData+CoreDataClass.swift.swift */; };
		7A024E9628FEF3B500BEA0A1 /* VideoCoreData+CoreDataProperties.swift in Sources */ = {isa = PBXBuildFile; fileRef = 7A024E9528FEF3B500BEA0A1 /* VideoCoreData+CoreDataProperties.swift */; };
		7A024E9828FEF60900BEA0A1 /* CoreDataManager.swift in Sources */ = {isa = PBXBuildFile; fileRef = 7A024E9728FEF60900BEA0A1 /* CoreDataManager.swift */; };
		7A024E9B28FEF6CC00BEA0A1 /* UIImageTransformer.swift in Sources */ = {isa = PBXBuildFile; fileRef = 7A024E9A28FEF6CC00BEA0A1 /* UIImageTransformer.swift */; };
		7A024E9F28FEF8A200BEA0A1 /* NSObject+className.swift in Sources */ = {isa = PBXBuildFile; fileRef = 7A024E9E28FEF8A200BEA0A1 /* NSObject+className.swift */; };
		7A23AA5728FFC0CA00A86D93 /* SectionDetailsVideo.swift in Sources */ = {isa = PBXBuildFile; fileRef = 7A23AA5628FFC0CA00A86D93 /* SectionDetailsVideo.swift */; };
		7A23AA5928FFC16A00A86D93 /* SectionDetailsVideo.xib in Resources */ = {isa = PBXBuildFile; fileRef = 7A23AA5828FFC16A00A86D93 /* SectionDetailsVideo.xib */; };
		7A23AA5B28FFCF1800A86D93 /* SectionVideoDetailsCell.swift in Sources */ = {isa = PBXBuildFile; fileRef = 7A23AA5A28FFCF1800A86D93 /* SectionVideoDetailsCell.swift */; };
		7A23AA5D28FFE14700A86D93 /* DetailsViewController+UICollectionViewDataSource.swift.swift in Sources */ = {isa = PBXBuildFile; fileRef = 7A23AA5C28FFE14700A86D93 /* DetailsViewController+UICollectionViewDataSource.swift.swift */; };
		7A23AA5F28FFEB3200A86D93 /* DetailsViewController+UICollectionViewDelegate.swift in Sources */ = {isa = PBXBuildFile; fileRef = 7A23AA5E28FFEB3200A86D93 /* DetailsViewController+UICollectionViewDelegate.swift */; };
		7A3223FA28FF9EEC00BEB100 /* DetailsViewController.swift in Sources */ = {isa = PBXBuildFile; fileRef = 7A3223F928FF9EEC00BEB100 /* DetailsViewController.swift */; };
		7A3223FC28FFA0DD00BEB100 /* Details.storyboard in Resources */ = {isa = PBXBuildFile; fileRef = 7A3223FB28FFA0DD00BEB100 /* Details.storyboard */; };
		7A3223FE28FFB43A00BEB100 /* MainViewController+Actions.swift in Sources */ = {isa = PBXBuildFile; fileRef = 7A3223FD28FFB43A00BEB100 /* MainViewController+Actions.swift */; };
/* End PBXBuildFile section */

/* Begin PBXFileReference section */
		7A024E4D28FDC7D500BEA0A1 /* VideoList.app */ = {isa = PBXFileReference; explicitFileType = wrapper.application; includeInIndex = 0; path = VideoList.app; sourceTree = BUILT_PRODUCTS_DIR; };
		7A024E5028FDC7D500BEA0A1 /* AppDelegate.swift */ = {isa = PBXFileReference; lastKnownFileType = sourcecode.swift; path = AppDelegate.swift; sourceTree = "<group>"; };
		7A024E5228FDC7D500BEA0A1 /* SceneDelegate.swift */ = {isa = PBXFileReference; lastKnownFileType = sourcecode.swift; path = SceneDelegate.swift; sourceTree = "<group>"; };
		7A024E5428FDC7D500BEA0A1 /* MainViewController.swift */ = {isa = PBXFileReference; lastKnownFileType = sourcecode.swift; path = MainViewController.swift; sourceTree = "<group>"; };
		7A024E5728FDC7D500BEA0A1 /* Base */ = {isa = PBXFileReference; lastKnownFileType = file.storyboard; name = Base; path = Base.lproj/Main.storyboard; sourceTree = "<group>"; };
		7A024E5928FDC7D600BEA0A1 /* Assets.xcassets */ = {isa = PBXFileReference; lastKnownFileType = folder.assetcatalog; path = Assets.xcassets; sourceTree = "<group>"; };
		7A024E5C28FDC7D600BEA0A1 /* Base */ = {isa = PBXFileReference; lastKnownFileType = file.storyboard; name = Base; path = Base.lproj/LaunchScreen.storyboard; sourceTree = "<group>"; };
		7A024E5E28FDC7D600BEA0A1 /* Info.plist */ = {isa = PBXFileReference; lastKnownFileType = text.plist.xml; path = Info.plist; sourceTree = "<group>"; };
		7A024E6A28FDCA2F00BEA0A1 /* VideoModel.swift */ = {isa = PBXFileReference; lastKnownFileType = sourcecode.swift; path = VideoModel.swift; sourceTree = "<group>"; };
		7A024E7028FE53A000BEA0A1 /* NetworkManager.swift */ = {isa = PBXFileReference; lastKnownFileType = sourcecode.swift; path = NetworkManager.swift; sourceTree = "<group>"; };
		7A024E7328FE55B100BEA0A1 /* JSON.swift */ = {isa = PBXFileReference; lastKnownFileType = sourcecode.swift; path = JSON.swift; sourceTree = "<group>"; };
		7A024E7528FE59D000BEA0A1 /* AppDelegate+Update.swift */ = {isa = PBXFileReference; lastKnownFileType = sourcecode.swift; path = "AppDelegate+Update.swift"; sourceTree = "<group>"; };
		7A024E7C28FECD5E00BEA0A1 /* TASK.md */ = {isa = PBXFileReference; lastKnownFileType = net.daringfireball.markdown; path = TASK.md; sourceTree = "<group>"; };
		7A024E7E28FED2F500BEA0A1 /* SectionFeed.xib */ = {isa = PBXFileReference; lastKnownFileType = file.xib; path = SectionFeed.xib; sourceTree = "<group>"; };
		7A024E8128FED5F900BEA0A1 /* Section.swift */ = {isa = PBXFileReference; lastKnownFileType = sourcecode.swift; path = Section.swift; sourceTree = "<group>"; };
		7A024E8328FED78400BEA0A1 /* SectionFeed.swift */ = {isa = PBXFileReference; lastKnownFileType = sourcecode.swift; path = SectionFeed.swift; sourceTree = "<group>"; };
		7A024E8628FED88000BEA0A1 /* SectionVideoCell.swift */ = {isa = PBXFileReference; lastKnownFileType = sourcecode.swift; path = SectionVideoCell.swift; sourceTree = "<group>"; };
		7A024E8828FEDC8E00BEA0A1 /* MainViewController+UICollectionViewDataSource.swift */ = {isa = PBXFileReference; lastKnownFileType = sourcecode.swift; path = "MainViewController+UICollectionViewDataSource.swift"; sourceTree = "<group>"; };
		7A024E8A28FEDCA400BEA0A1 /* MainViewController+UICollectionViewDelegate.swift */ = {isa = PBXFileReference; lastKnownFileType = sourcecode.swift; path = "MainViewController+UICollectionViewDelegate.swift"; sourceTree = "<group>"; };
		7A024E9128FEF11600BEA0A1 /* DataModel.xcdatamodel */ = {isa = PBXFileReference; lastKnownFileType = wrapper.xcdatamodel; path = DataModel.xcdatamodel; sourceTree = "<group>"; };
		7A024E9328FEF2C700BEA0A1 /* VideoCoreData+CoreDataClass.swift.swift */ = {isa = PBXFileReference; lastKnownFileType = sourcecode.swift; path = "VideoCoreData+CoreDataClass.swift.swift"; sourceTree = "<group>"; };
		7A024E9528FEF3B500BEA0A1 /* VideoCoreData+CoreDataProperties.swift */ = {isa = PBXFileReference; lastKnownFileType = sourcecode.swift; path = "VideoCoreData+CoreDataProperties.swift"; sourceTree = "<group>"; };
		7A024E9728FEF60900BEA0A1 /* CoreDataManager.swift */ = {isa = PBXFileReference; lastKnownFileType = sourcecode.swift; path = CoreDataManager.swift; sourceTree = "<group>"; };
		7A024E9A28FEF6CC00BEA0A1 /* UIImageTransformer.swift */ = {isa = PBXFileReference; lastKnownFileType = sourcecode.swift; path = UIImageTransformer.swift; sourceTree = "<group>"; };
		7A024E9E28FEF8A200BEA0A1 /* NSObject+className.swift */ = {isa = PBXFileReference; lastKnownFileType = sourcecode.swift; path = "NSObject+className.swift"; sourceTree = "<group>"; };
		7A23AA5628FFC0CA00A86D93 /* SectionDetailsVideo.swift */ = {isa = PBXFileReference; lastKnownFileType = sourcecode.swift; path = SectionDetailsVideo.swift; sourceTree = "<group>"; };
		7A23AA5828FFC16A00A86D93 /* SectionDetailsVideo.xib */ = {isa = PBXFileReference; lastKnownFileType = file.xib; path = SectionDetailsVideo.xib; sourceTree = "<group>"; };
		7A23AA5A28FFCF1800A86D93 /* SectionVideoDetailsCell.swift */ = {isa = PBXFileReference; lastKnownFileType = sourcecode.swift; path = SectionVideoDetailsCell.swift; sourceTree = "<group>"; };
		7A23AA5C28FFE14700A86D93 /* DetailsViewController+UICollectionViewDataSource.swift.swift */ = {isa = PBXFileReference; lastKnownFileType = sourcecode.swift; path = "DetailsViewController+UICollectionViewDataSource.swift.swift"; sourceTree = "<group>"; };
		7A23AA5E28FFEB3200A86D93 /* DetailsViewController+UICollectionViewDelegate.swift */ = {isa = PBXFileReference; lastKnownFileType = sourcecode.swift; path = "DetailsViewController+UICollectionViewDelegate.swift"; sourceTree = "<group>"; };
		7A3223F928FF9EEC00BEB100 /* DetailsViewController.swift */ = {isa = PBXFileReference; lastKnownFileType = sourcecode.swift; path = DetailsViewController.swift; sourceTree = "<group>"; };
		7A3223FB28FFA0DD00BEB100 /* Details.storyboard */ = {isa = PBXFileReference; lastKnownFileType = file.storyboard; path = Details.storyboard; sourceTree = "<group>"; };
		7A3223FD28FFB43A00BEB100 /* MainViewController+Actions.swift */ = {isa = PBXFileReference; lastKnownFileType = sourcecode.swift; path = "MainViewController+Actions.swift"; sourceTree = "<group>"; };
/* End PBXFileReference section */

/* Begin PBXFrameworksBuildPhase section */
		7A024E4A28FDC7D500BEA0A1 /* Frameworks */ = {
			isa = PBXFrameworksBuildPhase;
			buildActionMask = 2147483647;
			files = (
			);
			runOnlyForDeploymentPostprocessing = 0;
		};
/* End PBXFrameworksBuildPhase section */

/* Begin PBXGroup section */
		7A024E4428FDC7D500BEA0A1 = {
			isa = PBXGroup;
			children = (
				7A024E4E28FDC7D500BEA0A1 /* Products */,
				7A024E7C28FECD5E00BEA0A1 /* TASK.md */,
				7A024E4F28FDC7D500BEA0A1 /* VideoList */,
			);
			sourceTree = "<group>";
		};
		7A024E4E28FDC7D500BEA0A1 /* Products */ = {
			isa = PBXGroup;
			children = (
				7A024E4D28FDC7D500BEA0A1 /* VideoList.app */,
			);
			name = Products;
			sourceTree = "<group>";
		};
		7A024E4F28FDC7D500BEA0A1 /* VideoList */ = {
			isa = PBXGroup;
			children = (
				7A024E6528FDC89000BEA0A1 /* App */,
				7A024E9C28FEF86600BEA0A1 /* Extensions */,
				7A024E5E28FDC7D600BEA0A1 /* Info.plist */,
				7A024E6F28FE537200BEA0A1 /* Managers */,
				7A024E6428FDC85700BEA0A1 /* Models */,
				7A024E6728FDC8E400BEA0A1 /* Resources */,
				7A024E6628FDC8B700BEA0A1 /* ViewControllers */,
				7A024E6828FDC91400BEA0A1 /* Views */,
			);
			path = VideoList;
			sourceTree = "<group>";
		};
		7A024E6428FDC85700BEA0A1 /* Models */ = {
			isa = PBXGroup;
			children = (
				7A024E7228FE559C00BEA0A1 /* Coders */,
				7A024E6C28FDCA3600BEA0A1 /* VideoModel */,
			);
			path = Models;
			sourceTree = "<group>";
		};
		7A024E6528FDC89000BEA0A1 /* App */ = {
			isa = PBXGroup;
			children = (
				7A024E5028FDC7D500BEA0A1 /* AppDelegate.swift */,
				7A024E7528FE59D000BEA0A1 /* AppDelegate+Update.swift */,
				7A024E5228FDC7D500BEA0A1 /* SceneDelegate.swift */,
			);
			path = App;
			sourceTree = "<group>";
		};
		7A024E6628FDC8B700BEA0A1 /* ViewControllers */ = {
			isa = PBXGroup;
			children = (
				7A3223F828FF9E8C00BEB100 /* Details */,
				7A3223F728FF9E7800BEB100 /* Main */,
			);
			path = ViewControllers;
			sourceTree = "<group>";
		};
		7A024E6728FDC8E400BEA0A1 /* Resources */ = {
			isa = PBXGroup;
			children = (
				7A024E5928FDC7D600BEA0A1 /* Assets.xcassets */,
				7A024E9028FEF11600BEA0A1 /* DataModel.xcdatamodeld */,
			);
			path = Resources;
			sourceTree = "<group>";
		};
		7A024E6828FDC91400BEA0A1 /* Views */ = {
			isa = PBXGroup;
			children = (
				7A024E8528FED86C00BEA0A1 /* CollectionViewCell */,
				7A024E8028FED5E600BEA0A1 /* Sections */,
				7A024E6928FDC92300BEA0A1 /* Storyboards */,
				7A024E9928FEF6B900BEA0A1 /* UIImage */,
				7A024E7D28FED16900BEA0A1 /* XIBs */,
			);
			path = Views;
			sourceTree = "<group>";
		};
		7A024E6928FDC92300BEA0A1 /* Storyboards */ = {
			isa = PBXGroup;
			children = (
				7A3223FB28FFA0DD00BEB100 /* Details.storyboard */,
				7A024E5B28FDC7D600BEA0A1 /* LaunchScreen.storyboard */,
				7A024E5628FDC7D500BEA0A1 /* Main.storyboard */,
			);
			path = Storyboards;
			sourceTree = "<group>";
		};
		7A024E6C28FDCA3600BEA0A1 /* VideoModel */ = {
			isa = PBXGroup;
			children = (
				7A024E9328FEF2C700BEA0A1 /* VideoCoreData+CoreDataClass.swift.swift */,
				7A024E9528FEF3B500BEA0A1 /* VideoCoreData+CoreDataProperties.swift */,
				7A024E6A28FDCA2F00BEA0A1 /* VideoModel.swift */,
			);
			path = VideoModel;
			sourceTree = "<group>";
		};
		7A024E6F28FE537200BEA0A1 /* Managers */ = {
			isa = PBXGroup;
			children = (
				7A024E9728FEF60900BEA0A1 /* CoreDataManager.swift */,
				7A024E7028FE53A000BEA0A1 /* NetworkManager.swift */,
			);
			path = Managers;
			sourceTree = "<group>";
		};
		7A024E7228FE559C00BEA0A1 /* Coders */ = {
			isa = PBXGroup;
			children = (
				7A024E7328FE55B100BEA0A1 /* JSON.swift */,
			);
			path = Coders;
			sourceTree = "<group>";
		};
		7A024E7D28FED16900BEA0A1 /* XIBs */ = {
			isa = PBXGroup;
			children = (
				7A024E7E28FED2F500BEA0A1 /* SectionFeed.xib */,
				7A23AA5828FFC16A00A86D93 /* SectionDetailsVideo.xib */,
			);
			path = XIBs;
			sourceTree = "<group>";
		};
		7A024E8028FED5E600BEA0A1 /* Sections */ = {
			isa = PBXGroup;
			children = (
				7A024E8128FED5F900BEA0A1 /* Section.swift */,
				7A024E8328FED78400BEA0A1 /* SectionFeed.swift */,
				7A23AA5628FFC0CA00A86D93 /* SectionDetailsVideo.swift */,
			);
			path = Sections;
			sourceTree = "<group>";
		};
		7A024E8528FED86C00BEA0A1 /* CollectionViewCell */ = {
			isa = PBXGroup;
			children = (
				7A024E8628FED88000BEA0A1 /* SectionVideoCell.swift */,
				7A23AA5A28FFCF1800A86D93 /* SectionVideoDetailsCell.swift */,
			);
			path = CollectionViewCell;
			sourceTree = "<group>";
		};
		7A024E9928FEF6B900BEA0A1 /* UIImage */ = {
			isa = PBXGroup;
			children = (
				7A024E9A28FEF6CC00BEA0A1 /* UIImageTransformer.swift */,
			);
			path = UIImage;
			sourceTree = "<group>";
		};
		7A024E9C28FEF86600BEA0A1 /* Extensions */ = {
			isa = PBXGroup;
			children = (
				7A024E9D28FEF87900BEA0A1 /* Foundation */,
			);
			path = Extensions;
			sourceTree = "<group>";
		};
		7A024E9D28FEF87900BEA0A1 /* Foundation */ = {
			isa = PBXGroup;
			children = (
				7A024E9E28FEF8A200BEA0A1 /* NSObject+className.swift */,
			);
			path = Foundation;
			sourceTree = "<group>";
		};
		7A3223F728FF9E7800BEB100 /* Main */ = {
			isa = PBXGroup;
			children = (
				7A024E5428FDC7D500BEA0A1 /* MainViewController.swift */,
				7A3223FD28FFB43A00BEB100 /* MainViewController+Actions.swift */,
				7A024E8828FEDC8E00BEA0A1 /* MainViewController+UICollectionViewDataSource.swift */,
				7A024E8A28FEDCA400BEA0A1 /* MainViewController+UICollectionViewDelegate.swift */,
			);
			path = Main;
			sourceTree = "<group>";
		};
		7A3223F828FF9E8C00BEB100 /* Details */ = {
			isa = PBXGroup;
			children = (
				7A3223F928FF9EEC00BEB100 /* DetailsViewController.swift */,
				7A23AA5C28FFE14700A86D93 /* DetailsViewController+UICollectionViewDataSource.swift.swift */,
				7A23AA5E28FFEB3200A86D93 /* DetailsViewController+UICollectionViewDelegate.swift */,
			);
			path = Details;
			sourceTree = "<group>";
		};
/* End PBXGroup section */

/* Begin PBXNativeTarget section */
		7A024E4C28FDC7D500BEA0A1 /* VideoList */ = {
			isa = PBXNativeTarget;
			buildConfigurationList = 7A024E6128FDC7D600BEA0A1 /* Build configuration list for PBXNativeTarget "VideoList" */;
			buildPhases = (
				7A024E4928FDC7D500BEA0A1 /* Sources */,
				7A024E4A28FDC7D500BEA0A1 /* Frameworks */,
				7A024E4B28FDC7D500BEA0A1 /* Resources */,
			);
			buildRules = (
			);
			dependencies = (
			);
			name = VideoList;
			productName = VideoList;
			productReference = 7A024E4D28FDC7D500BEA0A1 /* VideoList.app */;
			productType = "com.apple.product-type.application";
		};
/* End PBXNativeTarget section */

/* Begin PBXProject section */
		7A024E4528FDC7D500BEA0A1 /* Project object */ = {
			isa = PBXProject;
			attributes = {
				BuildIndependentTargetsInParallel = 1;
				LastSwiftUpdateCheck = 1400;
				LastUpgradeCheck = 1400;
				TargetAttributes = {
					7A024E4C28FDC7D500BEA0A1 = {
						CreatedOnToolsVersion = 14.0.1;
					};
				};
			};
			buildConfigurationList = 7A024E4828FDC7D500BEA0A1 /* Build configuration list for PBXProject "VideoList" */;
			compatibilityVersion = "Xcode 14.0";
			developmentRegion = en;
			hasScannedForEncodings = 0;
			knownRegions = (
				en,
				Base,
			);
			mainGroup = 7A024E4428FDC7D500BEA0A1;
			productRefGroup = 7A024E4E28FDC7D500BEA0A1 /* Products */;
			projectDirPath = "";
			projectRoot = "";
			targets = (
				7A024E4C28FDC7D500BEA0A1 /* VideoList */,
			);
		};
/* End PBXProject section */

/* Begin PBXResourcesBuildPhase section */
		7A024E4B28FDC7D500BEA0A1 /* Resources */ = {
			isa = PBXResourcesBuildPhase;
			buildActionMask = 2147483647;
			files = (
				7A23AA5928FFC16A00A86D93 /* SectionDetailsVideo.xib in Resources */,
				7A3223FC28FFA0DD00BEB100 /* Details.storyboard in Resources */,
				7A024E5D28FDC7D600BEA0A1 /* LaunchScreen.storyboard in Resources */,
				7A024E7F28FED2F500BEA0A1 /* SectionFeed.xib in Resources */,
				7A024E5A28FDC7D600BEA0A1 /* Assets.xcassets in Resources */,
				7A024E5828FDC7D500BEA0A1 /* Main.storyboard in Resources */,
			);
			runOnlyForDeploymentPostprocessing = 0;
		};
/* End PBXResourcesBuildPhase section */

/* Begin PBXSourcesBuildPhase section */
		7A024E4928FDC7D500BEA0A1 /* Sources */ = {
			isa = PBXSourcesBuildPhase;
			buildActionMask = 2147483647;
			files = (
				7A024E7128FE53A000BEA0A1 /* NetworkManager.swift in Sources */,
				7A024E9F28FEF8A200BEA0A1 /* NSObject+className.swift in Sources */,
				7A024E7428FE55B100BEA0A1 /* JSON.swift in Sources */,
				7A024E5528FDC7D500BEA0A1 /* MainViewController.swift in Sources */,
				7A024E6B28FDCA2F00BEA0A1 /* VideoModel.swift in Sources */,
				7A024E8928FEDC8E00BEA0A1 /* MainViewController+UICollectionViewDataSource.swift in Sources */,
				7A23AA5B28FFCF1800A86D93 /* SectionVideoDetailsCell.swift in Sources */,
				7A23AA5F28FFEB3200A86D93 /* DetailsViewController+UICollectionViewDelegate.swift in Sources */,
				7A3223FA28FF9EEC00BEB100 /* DetailsViewController.swift in Sources */,
				7A024E5128FDC7D500BEA0A1 /* AppDelegate.swift in Sources */,
				7A024E8728FED88000BEA0A1 /* SectionVideoCell.swift in Sources */,
				7A024E9B28FEF6CC00BEA0A1 /* UIImageTransformer.swift in Sources */,
				7A3223FE28FFB43A00BEB100 /* MainViewController+Actions.swift in Sources */,
				7A024E9628FEF3B500BEA0A1 /* VideoCoreData+CoreDataProperties.swift in Sources */,
				7A024E8228FED5F900BEA0A1 /* Section.swift in Sources */,
				7A024E8428FED78400BEA0A1 /* SectionFeed.swift in Sources */,
				7A024E9428FEF2C700BEA0A1 /* VideoCoreData+CoreDataClass.swift.swift in Sources */,
				7A024E7628FE59D000BEA0A1 /* AppDelegate+Update.swift in Sources */,
				7A024E9228FEF11600BEA0A1 /* DataModel.xcdatamodeld in Sources */,
				7A024E5328FDC7D500BEA0A1 /* SceneDelegate.swift in Sources */,
				7A23AA5D28FFE14700A86D93 /* DetailsViewController+UICollectionViewDataSource.swift.swift in Sources */,
				7A23AA5728FFC0CA00A86D93 /* SectionDetailsVideo.swift in Sources */,
				7A024E9828FEF60900BEA0A1 /* CoreDataManager.swift in Sources */,
				7A024E8B28FEDCA400BEA0A1 /* MainViewController+UICollectionViewDelegate.swift in Sources */,
			);
			runOnlyForDeploymentPostprocessing = 0;
		};
/* End PBXSourcesBuildPhase section */

/* Begin PBXVariantGroup section */
		7A024E5628FDC7D500BEA0A1 /* Main.storyboard */ = {
			isa = PBXVariantGroup;
			children = (
				7A024E5728FDC7D500BEA0A1 /* Base */,
			);
			name = Main.storyboard;
			sourceTree = "<group>";
		};
		7A024E5B28FDC7D600BEA0A1 /* LaunchScreen.storyboard */ = {
			isa = PBXVariantGroup;
			children = (
				7A024E5C28FDC7D600BEA0A1 /* Base */,
			);
			name = LaunchScreen.storyboard;
			sourceTree = "<group>";
		};
/* End PBXVariantGroup section */

/* Begin XCBuildConfiguration section */
		7A024E5F28FDC7D600BEA0A1 /* Debug */ = {
			isa = XCBuildConfiguration;
			buildSettings = {
				ALWAYS_SEARCH_USER_PATHS = NO;
				CLANG_ANALYZER_NONNULL = YES;
				CLANG_ANALYZER_NUMBER_OBJECT_CONVERSION = YES_AGGRESSIVE;
				CLANG_CXX_LANGUAGE_STANDARD = "gnu++20";
				CLANG_ENABLE_MODULES = YES;
				CLANG_ENABLE_OBJC_ARC = YES;
				CLANG_ENABLE_OBJC_WEAK = YES;
				CLANG_WARN_BLOCK_CAPTURE_AUTORELEASING = YES;
				CLANG_WARN_BOOL_CONVERSION = YES;
				CLANG_WARN_COMMA = YES;
				CLANG_WARN_CONSTANT_CONVERSION = YES;
				CLANG_WARN_DEPRECATED_OBJC_IMPLEMENTATIONS = YES;
				CLANG_WARN_DIRECT_OBJC_ISA_USAGE = YES_ERROR;
				CLANG_WARN_DOCUMENTATION_COMMENTS = YES;
				CLANG_WARN_EMPTY_BODY = YES;
				CLANG_WARN_ENUM_CONVERSION = YES;
				CLANG_WARN_INFINITE_RECURSION = YES;
				CLANG_WARN_INT_CONVERSION = YES;
				CLANG_WARN_NON_LITERAL_NULL_CONVERSION = YES;
				CLANG_WARN_OBJC_IMPLICIT_RETAIN_SELF = YES;
				CLANG_WARN_OBJC_LITERAL_CONVERSION = YES;
				CLANG_WARN_OBJC_ROOT_CLASS = YES_ERROR;
				CLANG_WARN_QUOTED_INCLUDE_IN_FRAMEWORK_HEADER = YES;
				CLANG_WARN_RANGE_LOOP_ANALYSIS = YES;
				CLANG_WARN_STRICT_PROTOTYPES = YES;
				CLANG_WARN_SUSPICIOUS_MOVE = YES;
				CLANG_WARN_UNGUARDED_AVAILABILITY = YES_AGGRESSIVE;
				CLANG_WARN_UNREACHABLE_CODE = YES;
				CLANG_WARN__DUPLICATE_METHOD_MATCH = YES;
				COPY_PHASE_STRIP = NO;
				DEBUG_INFORMATION_FORMAT = dwarf;
				ENABLE_STRICT_OBJC_MSGSEND = YES;
				ENABLE_TESTABILITY = YES;
				GCC_C_LANGUAGE_STANDARD = gnu11;
				GCC_DYNAMIC_NO_PIC = NO;
				GCC_NO_COMMON_BLOCKS = YES;
				GCC_OPTIMIZATION_LEVEL = 0;
				GCC_PREPROCESSOR_DEFINITIONS = (
					"DEBUG=1",
					"$(inherited)",
				);
				GCC_WARN_64_TO_32_BIT_CONVERSION = YES;
				GCC_WARN_ABOUT_RETURN_TYPE = YES_ERROR;
				GCC_WARN_UNDECLARED_SELECTOR = YES;
				GCC_WARN_UNINITIALIZED_AUTOS = YES_AGGRESSIVE;
				GCC_WARN_UNUSED_FUNCTION = YES;
				GCC_WARN_UNUSED_VARIABLE = YES;
				IPHONEOS_DEPLOYMENT_TARGET = 16.0;
				MTL_ENABLE_DEBUG_INFO = INCLUDE_SOURCE;
				MTL_FAST_MATH = YES;
				ONLY_ACTIVE_ARCH = YES;
				SDKROOT = iphoneos;
				SWIFT_ACTIVE_COMPILATION_CONDITIONS = DEBUG;
				SWIFT_OPTIMIZATION_LEVEL = "-Onone";
			};
			name = Debug;
		};
		7A024E6028FDC7D600BEA0A1 /* Release */ = {
			isa = XCBuildConfiguration;
			buildSettings = {
				ALWAYS_SEARCH_USER_PATHS = NO;
				CLANG_ANALYZER_NONNULL = YES;
				CLANG_ANALYZER_NUMBER_OBJECT_CONVERSION = YES_AGGRESSIVE;
				CLANG_CXX_LANGUAGE_STANDARD = "gnu++20";
				CLANG_ENABLE_MODULES = YES;
				CLANG_ENABLE_OBJC_ARC = YES;
				CLANG_ENABLE_OBJC_WEAK = YES;
				CLANG_WARN_BLOCK_CAPTURE_AUTORELEASING = YES;
				CLANG_WARN_BOOL_CONVERSION = YES;
				CLANG_WARN_COMMA = YES;
				CLANG_WARN_CONSTANT_CONVERSION = YES;
				CLANG_WARN_DEPRECATED_OBJC_IMPLEMENTATIONS = YES;
				CLANG_WARN_DIRECT_OBJC_ISA_USAGE = YES_ERROR;
				CLANG_WARN_DOCUMENTATION_COMMENTS = YES;
				CLANG_WARN_EMPTY_BODY = YES;
				CLANG_WARN_ENUM_CONVERSION = YES;
				CLANG_WARN_INFINITE_RECURSION = YES;
				CLANG_WARN_INT_CONVERSION = YES;
				CLANG_WARN_NON_LITERAL_NULL_CONVERSION = YES;
				CLANG_WARN_OBJC_IMPLICIT_RETAIN_SELF = YES;
				CLANG_WARN_OBJC_LITERAL_CONVERSION = YES;
				CLANG_WARN_OBJC_ROOT_CLASS = YES_ERROR;
				CLANG_WARN_QUOTED_INCLUDE_IN_FRAMEWORK_HEADER = YES;
				CLANG_WARN_RANGE_LOOP_ANALYSIS = YES;
				CLANG_WARN_STRICT_PROTOTYPES = YES;
				CLANG_WARN_SUSPICIOUS_MOVE = YES;
				CLANG_WARN_UNGUARDED_AVAILABILITY = YES_AGGRESSIVE;
				CLANG_WARN_UNREACHABLE_CODE = YES;
				CLANG_WARN__DUPLICATE_METHOD_MATCH = YES;
				COPY_PHASE_STRIP = NO;
				DEBUG_INFORMATION_FORMAT = "dwarf-with-dsym";
				ENABLE_NS_ASSERTIONS = NO;
				ENABLE_STRICT_OBJC_MSGSEND = YES;
				GCC_C_LANGUAGE_STANDARD = gnu11;
				GCC_NO_COMMON_BLOCKS = YES;
				GCC_WARN_64_TO_32_BIT_CONVERSION = YES;
				GCC_WARN_ABOUT_RETURN_TYPE = YES_ERROR;
				GCC_WARN_UNDECLARED_SELECTOR = YES;
				GCC_WARN_UNINITIALIZED_AUTOS = YES_AGGRESSIVE;
				GCC_WARN_UNUSED_FUNCTION = YES;
				GCC_WARN_UNUSED_VARIABLE = YES;
				IPHONEOS_DEPLOYMENT_TARGET = 16.0;
				MTL_ENABLE_DEBUG_INFO = NO;
				MTL_FAST_MATH = YES;
				SDKROOT = iphoneos;
				SWIFT_COMPILATION_MODE = wholemodule;
				SWIFT_OPTIMIZATION_LEVEL = "-O";
				VALIDATE_PRODUCT = YES;
			};
			name = Release;
		};
		7A024E6228FDC7D600BEA0A1 /* Debug */ = {
			isa = XCBuildConfiguration;
			buildSettings = {
				ASSETCATALOG_COMPILER_APPICON_NAME = AppIcon;
				ASSETCATALOG_COMPILER_GLOBAL_ACCENT_COLOR_NAME = AccentColor;
				CODE_SIGN_STYLE = Automatic;
				CURRENT_PROJECT_VERSION = 1;
				DEVELOPMENT_TEAM = W4C8NP3WVQ;
				GENERATE_INFOPLIST_FILE = YES;
				INFOPLIST_FILE = VideoList/Info.plist;
				INFOPLIST_KEY_CFBundleDisplayName = "Video List";
				INFOPLIST_KEY_UIApplicationSupportsIndirectInputEvents = YES;
				INFOPLIST_KEY_UILaunchStoryboardName = LaunchScreen;
				INFOPLIST_KEY_UIMainStoryboardFile = Main;
				INFOPLIST_KEY_UISupportedInterfaceOrientations_iPad = "UIInterfaceOrientationPortrait UIInterfaceOrientationPortraitUpsideDown UIInterfaceOrientationLandscapeLeft UIInterfaceOrientationLandscapeRight";
				INFOPLIST_KEY_UISupportedInterfaceOrientations_iPhone = "UIInterfaceOrientationPortrait UIInterfaceOrientationLandscapeLeft UIInterfaceOrientationLandscapeRight";
				LD_RUNPATH_SEARCH_PATHS = (
					"$(inherited)",
					"@executable_path/Frameworks",
				);
				MARKETING_VERSION = 1.0;
				PRODUCT_BUNDLE_IDENTIFIER = com.testtask.videolist;
				PRODUCT_NAME = "$(TARGET_NAME)";
				SWIFT_EMIT_LOC_STRINGS = YES;
				SWIFT_VERSION = 5.0;
				TARGETED_DEVICE_FAMILY = "1,2";
			};
			name = Debug;
		};
		7A024E6328FDC7D600BEA0A1 /* Release */ = {
			isa = XCBuildConfiguration;
			buildSettings = {
				ASSETCATALOG_COMPILER_APPICON_NAME = AppIcon;
				ASSETCATALOG_COMPILER_GLOBAL_ACCENT_COLOR_NAME = AccentColor;
				CODE_SIGN_STYLE = Automatic;
				CURRENT_PROJECT_VERSION = 1;
				DEVELOPMENT_TEAM = W4C8NP3WVQ;
				GENERATE_INFOPLIST_FILE = YES;
				INFOPLIST_FILE = VideoList/Info.plist;
				INFOPLIST_KEY_CFBundleDisplayName = "Video List";
				INFOPLIST_KEY_UIApplicationSupportsIndirectInputEvents = YES;
				INFOPLIST_KEY_UILaunchStoryboardName = LaunchScreen;
				INFOPLIST_KEY_UIMainStoryboardFile = Main;
				INFOPLIST_KEY_UISupportedInterfaceOrientations_iPad = "UIInterfaceOrientationPortrait UIInterfaceOrientationPortraitUpsideDown UIInterfaceOrientationLandscapeLeft UIInterfaceOrientationLandscapeRight";
				INFOPLIST_KEY_UISupportedInterfaceOrientations_iPhone = "UIInterfaceOrientationPortrait UIInterfaceOrientationLandscapeLeft UIInterfaceOrientationLandscapeRight";
				LD_RUNPATH_SEARCH_PATHS = (
					"$(inherited)",
					"@executable_path/Frameworks",
				);
				MARKETING_VERSION = 1.0;
				PRODUCT_BUNDLE_IDENTIFIER = com.testtask.videolist;
				PRODUCT_NAME = "$(TARGET_NAME)";
				SWIFT_EMIT_LOC_STRINGS = YES;
				SWIFT_VERSION = 5.0;
				TARGETED_DEVICE_FAMILY = "1,2";
			};
			name = Release;
		};
/* End XCBuildConfiguration section */

/* Begin XCConfigurationList section */
		7A024E4828FDC7D500BEA0A1 /* Build configuration list for PBXProject "VideoList" */ = {
			isa = XCConfigurationList;
			buildConfigurations = (
				7A024E5F28FDC7D600BEA0A1 /* Debug */,
				7A024E6028FDC7D600BEA0A1 /* Release */,
			);
			defaultConfigurationIsVisible = 0;
			defaultConfigurationName = Release;
		};
		7A024E6128FDC7D600BEA0A1 /* Build configuration list for PBXNativeTarget "VideoList" */ = {
			isa = XCConfigurationList;
			buildConfigurations = (
				7A024E6228FDC7D600BEA0A1 /* Debug */,
				7A024E6328FDC7D600BEA0A1 /* Release */,
			);
			defaultConfigurationIsVisible = 0;
			defaultConfigurationName = Release;
		};
/* End XCConfigurationList section */

/* Begin XCVersionGroup section */
		7A024E9028FEF11600BEA0A1 /* DataModel.xcdatamodeld */ = {
			isa = XCVersionGroup;
			children = (
				7A024E9128FEF11600BEA0A1 /* DataModel.xcdatamodel */,
			);
			currentVersion = 7A024E9128FEF11600BEA0A1 /* DataModel.xcdatamodel */;
			path = DataModel.xcdatamodeld;
			sourceTree = "<group>";
			versionGroupType = wrapper.xcdatamodel;
		};
/* End XCVersionGroup section */
	};
	rootObject = 7A024E4528FDC7D500BEA0A1 /* Project object */;
}
